// !$*UTF8*$!
{
	archiveVersion = 1;
	classes = {
	};
	objectVersion = 46;
	objects = {

/* Begin PBXBuildFile section */
		6D4230711F381EB300342CD8 /* AppDelegate.swift in Sources */ = {isa = PBXBuildFile; fileRef = 6D4230701F381EB300342CD8 /* AppDelegate.swift */; };
		6D4230731F381EB300342CD8 /* TipViewController.swift in Sources */ = {isa = PBXBuildFile; fileRef = 6D4230721F381EB300342CD8 /* TipViewController.swift */; };
		6D4230761F381EB300342CD8 /* Main.storyboard in Resources */ = {isa = PBXBuildFile; fileRef = 6D4230741F381EB300342CD8 /* Main.storyboard */; };
		6D4230781F381EB300342CD8 /* Assets.xcassets in Resources */ = {isa = PBXBuildFile; fileRef = 6D4230771F381EB300342CD8 /* Assets.xcassets */; };
		6D42307B1F381EB300342CD8 /* LaunchScreen.storyboard in Resources */ = {isa = PBXBuildFile; fileRef = 6D4230791F381EB300342CD8 /* LaunchScreen.storyboard */; };
		6D4230861F381EB300342CD8 /* tippedTests.swift in Sources */ = {isa = PBXBuildFile; fileRef = 6D4230851F381EB300342CD8 /* tippedTests.swift */; };
		6D4230911F381EB300342CD8 /* tippedUITests.swift in Sources */ = {isa = PBXBuildFile; fileRef = 6D4230901F381EB300342CD8 /* tippedUITests.swift */; };
		6D42309F1F3825A400342CD8 /* SettingsViewController.swift in Sources */ = {isa = PBXBuildFile; fileRef = 6D42309E1F3825A400342CD8 /* SettingsViewController.swift */; };
		F4E9BF111F3C2DAF00A3C6B2 /* HistoryViewController.swift in Sources */ = {isa = PBXBuildFile; fileRef = F4E9BF101F3C2DAF00A3C6B2 /* HistoryViewController.swift */; };
		F4E9BF131F3C316000A3C6B2 /* HistoryCell.swift in Sources */ = {isa = PBXBuildFile; fileRef = F4E9BF121F3C316000A3C6B2 /* HistoryCell.swift */; };
/* End PBXBuildFile section */

/* Begin PBXContainerItemProxy section */
		6D4230821F381EB300342CD8 /* PBXContainerItemProxy */ = {
			isa = PBXContainerItemProxy;
			containerPortal = 6D4230651F381EB200342CD8 /* Project object */;
			proxyType = 1;
			remoteGlobalIDString = 6D42306C1F381EB200342CD8;
			remoteInfo = tipped;
		};
		6D42308D1F381EB300342CD8 /* PBXContainerItemProxy */ = {
			isa = PBXContainerItemProxy;
			containerPortal = 6D4230651F381EB200342CD8 /* Project object */;
			proxyType = 1;
			remoteGlobalIDString = 6D42306C1F381EB200342CD8;
			remoteInfo = tipped;
		};
/* End PBXContainerItemProxy section */

/* Begin PBXFileReference section */
		6D42306D1F381EB200342CD8 /* tipped.app */ = {isa = PBXFileReference; explicitFileType = wrapper.application; includeInIndex = 0; path = tipped.app; sourceTree = BUILT_PRODUCTS_DIR; };
		6D4230701F381EB300342CD8 /* AppDelegate.swift */ = {isa = PBXFileReference; lastKnownFileType = sourcecode.swift; path = AppDelegate.swift; sourceTree = "<group>"; };
		6D4230721F381EB300342CD8 /* TipViewController.swift */ = {isa = PBXFileReference; lastKnownFileType = sourcecode.swift; path = TipViewController.swift; sourceTree = "<group>"; };
		6D4230751F381EB300342CD8 /* Base */ = {isa = PBXFileReference; lastKnownFileType = file.storyboard; name = Base; path = Base.lproj/Main.storyboard; sourceTree = "<group>"; };
		6D4230771F381EB300342CD8 /* Assets.xcassets */ = {isa = PBXFileReference; lastKnownFileType = folder.assetcatalog; path = Assets.xcassets; sourceTree = "<group>"; };
		6D42307A1F381EB300342CD8 /* Base */ = {isa = PBXFileReference; lastKnownFileType = file.storyboard; name = Base; path = Base.lproj/LaunchScreen.storyboard; sourceTree = "<group>"; };
		6D42307C1F381EB300342CD8 /* Info.plist */ = {isa = PBXFileReference; lastKnownFileType = text.plist.xml; path = Info.plist; sourceTree = "<group>"; };
		6D4230811F381EB300342CD8 /* tippedTests.xctest */ = {isa = PBXFileReference; explicitFileType = wrapper.cfbundle; includeInIndex = 0; path = tippedTests.xctest; sourceTree = BUILT_PRODUCTS_DIR; };
		6D4230851F381EB300342CD8 /* tippedTests.swift */ = {isa = PBXFileReference; lastKnownFileType = sourcecode.swift; path = tippedTests.swift; sourceTree = "<group>"; };
		6D4230871F381EB300342CD8 /* Info.plist */ = {isa = PBXFileReference; lastKnownFileType = text.plist.xml; path = Info.plist; sourceTree = "<group>"; };
		6D42308C1F381EB300342CD8 /* tippedUITests.xctest */ = {isa = PBXFileReference; explicitFileType = wrapper.cfbundle; includeInIndex = 0; path = tippedUITests.xctest; sourceTree = BUILT_PRODUCTS_DIR; };
		6D4230901F381EB300342CD8 /* tippedUITests.swift */ = {isa = PBXFileReference; lastKnownFileType = sourcecode.swift; path = tippedUITests.swift; sourceTree = "<group>"; };
		6D4230921F381EB300342CD8 /* Info.plist */ = {isa = PBXFileReference; lastKnownFileType = text.plist.xml; path = Info.plist; sourceTree = "<group>"; };
		6D42309E1F3825A400342CD8 /* SettingsViewController.swift */ = {isa = PBXFileReference; fileEncoding = 4; lastKnownFileType = sourcecode.swift; path = SettingsViewController.swift; sourceTree = "<group>"; };
		F4E9BF101F3C2DAF00A3C6B2 /* HistoryViewController.swift */ = {isa = PBXFileReference; fileEncoding = 4; lastKnownFileType = sourcecode.swift; path = HistoryViewController.swift; sourceTree = "<group>"; };
		F4E9BF121F3C316000A3C6B2 /* HistoryCell.swift */ = {isa = PBXFileReference; fileEncoding = 4; lastKnownFileType = sourcecode.swift; path = HistoryCell.swift; sourceTree = "<group>"; };
/* End PBXFileReference section */

/* Begin PBXFrameworksBuildPhase section */
		6D42306A1F381EB200342CD8 /* Frameworks */ = {
			isa = PBXFrameworksBuildPhase;
			buildActionMask = 2147483647;
			files = (
			);
			runOnlyForDeploymentPostprocessing = 0;
		};
		6D42307E1F381EB300342CD8 /* Frameworks */ = {
			isa = PBXFrameworksBuildPhase;
			buildActionMask = 2147483647;
			files = (
			);
			runOnlyForDeploymentPostprocessing = 0;
		};
		6D4230891F381EB300342CD8 /* Frameworks */ = {
			isa = PBXFrameworksBuildPhase;
			buildActionMask = 2147483647;
			files = (
			);
			runOnlyForDeploymentPostprocessing = 0;
		};
/* End PBXFrameworksBuildPhase section */

/* Begin PBXGroup section */
		6D4230641F381EB200342CD8 = {
			isa = PBXGroup;
			children = (
				6D42306F1F381EB200342CD8 /* tipped */,
				6D4230841F381EB300342CD8 /* tippedTests */,
				6D42308F1F381EB300342CD8 /* tippedUITests */,
				6D42306E1F381EB200342CD8 /* Products */,
			);
			sourceTree = "<group>";
		};
		6D42306E1F381EB200342CD8 /* Products */ = {
			isa = PBXGroup;
			children = (
				6D42306D1F381EB200342CD8 /* tipped.app */,
				6D4230811F381EB300342CD8 /* tippedTests.xctest */,
				6D42308C1F381EB300342CD8 /* tippedUITests.xctest */,
			);
			name = Products;
			sourceTree = "<group>";
		};
		6D42306F1F381EB200342CD8 /* tipped */ = {
			isa = PBXGroup;
			children = (
				6D4230701F381EB300342CD8 /* AppDelegate.swift */,
				6D4230721F381EB300342CD8 /* TipViewController.swift */,
				6D4230741F381EB300342CD8 /* Main.storyboard */,
				6D42309E1F3825A400342CD8 /* SettingsViewController.swift */,
				6D4230771F381EB300342CD8 /* Assets.xcassets */,
				6D4230791F381EB300342CD8 /* LaunchScreen.storyboard */,
				6D42307C1F381EB300342CD8 /* Info.plist */,
				F4E9BF101F3C2DAF00A3C6B2 /* HistoryViewController.swift */,
				F4E9BF121F3C316000A3C6B2 /* HistoryCell.swift */,
			);
			path = tipped;
			sourceTree = "<group>";
		};
		6D4230841F381EB300342CD8 /* tippedTests */ = {
			isa = PBXGroup;
			children = (
				6D4230851F381EB300342CD8 /* tippedTests.swift */,
				6D4230871F381EB300342CD8 /* Info.plist */,
			);
			path = tippedTests;
			sourceTree = "<group>";
		};
		6D42308F1F381EB300342CD8 /* tippedUITests */ = {
			isa = PBXGroup;
			children = (
				6D4230901F381EB300342CD8 /* tippedUITests.swift */,
				6D4230921F381EB300342CD8 /* Info.plist */,
			);
			path = tippedUITests;
			sourceTree = "<group>";
		};
/* End PBXGroup section */

/* Begin PBXNativeTarget section */
		6D42306C1F381EB200342CD8 /* tipped */ = {
			isa = PBXNativeTarget;
			buildConfigurationList = 6D4230951F381EB300342CD8 /* Build configuration list for PBXNativeTarget "tipped" */;
			buildPhases = (
				6D4230691F381EB200342CD8 /* Sources */,
				6D42306A1F381EB200342CD8 /* Frameworks */,
				6D42306B1F381EB200342CD8 /* Resources */,
			);
			buildRules = (
			);
			dependencies = (
			);
			name = tipped;
			productName = tipped;
			productReference = 6D42306D1F381EB200342CD8 /* tipped.app */;
			productType = "com.apple.product-type.application";
		};
		6D4230801F381EB300342CD8 /* tippedTests */ = {
			isa = PBXNativeTarget;
			buildConfigurationList = 6D4230981F381EB300342CD8 /* Build configuration list for PBXNativeTarget "tippedTests" */;
			buildPhases = (
				6D42307D1F381EB300342CD8 /* Sources */,
				6D42307E1F381EB300342CD8 /* Frameworks */,
				6D42307F1F381EB300342CD8 /* Resources */,
			);
			buildRules = (
			);
			dependencies = (
				6D4230831F381EB300342CD8 /* PBXTargetDependency */,
			);
			name = tippedTests;
			productName = tippedTests;
			productReference = 6D4230811F381EB300342CD8 /* tippedTests.xctest */;
			productType = "com.apple.product-type.bundle.unit-test";
		};
		6D42308B1F381EB300342CD8 /* tippedUITests */ = {
			isa = PBXNativeTarget;
			buildConfigurationList = 6D42309B1F381EB300342CD8 /* Build configuration list for PBXNativeTarget "tippedUITests" */;
			buildPhases = (
				6D4230881F381EB300342CD8 /* Sources */,
				6D4230891F381EB300342CD8 /* Frameworks */,
				6D42308A1F381EB300342CD8 /* Resources */,
			);
			buildRules = (
			);
			dependencies = (
				6D42308E1F381EB300342CD8 /* PBXTargetDependency */,
			);
			name = tippedUITests;
			productName = tippedUITests;
			productReference = 6D42308C1F381EB300342CD8 /* tippedUITests.xctest */;
			productType = "com.apple.product-type.bundle.ui-testing";
		};
/* End PBXNativeTarget section */

/* Begin PBXProject section */
		6D4230651F381EB200342CD8 /* Project object */ = {
			isa = PBXProject;
			attributes = {
				LastSwiftUpdateCheck = 0830;
				LastUpgradeCheck = 0830;
				ORGANIZATIONNAME = "Braden Casperson";
				TargetAttributes = {
					6D42306C1F381EB200342CD8 = {
						CreatedOnToolsVersion = 8.3.3;
						DevelopmentTeam = TMD6XCU7B7;
						ProvisioningStyle = Automatic;
					};
					6D4230801F381EB300342CD8 = {
						CreatedOnToolsVersion = 8.3.3;
						DevelopmentTeam = WXC4F48AGZ;
						ProvisioningStyle = Automatic;
						TestTargetID = 6D42306C1F381EB200342CD8;
					};
					6D42308B1F381EB300342CD8 = {
						CreatedOnToolsVersion = 8.3.3;
						DevelopmentTeam = WXC4F48AGZ;
						ProvisioningStyle = Automatic;
						TestTargetID = 6D42306C1F381EB200342CD8;
					};
				};
			};
			buildConfigurationList = 6D4230681F381EB200342CD8 /* Build configuration list for PBXProject "tipped" */;
			compatibilityVersion = "Xcode 3.2";
			developmentRegion = English;
			hasScannedForEncodings = 0;
			knownRegions = (
				en,
				Base,
			);
			mainGroup = 6D4230641F381EB200342CD8;
			productRefGroup = 6D42306E1F381EB200342CD8 /* Products */;
			projectDirPath = "";
			projectRoot = "";
			targets = (
				6D42306C1F381EB200342CD8 /* tipped */,
				6D4230801F381EB300342CD8 /* tippedTests */,
				6D42308B1F381EB300342CD8 /* tippedUITests */,
			);
		};
/* End PBXProject section */

/* Begin PBXResourcesBuildPhase section */
		6D42306B1F381EB200342CD8 /* Resources */ = {
			isa = PBXResourcesBuildPhase;
			buildActionMask = 2147483647;
			files = (
				6D42307B1F381EB300342CD8 /* LaunchScreen.storyboard in Resources */,
				6D4230781F381EB300342CD8 /* Assets.xcassets in Resources */,
				6D4230761F381EB300342CD8 /* Main.storyboard in Resources */,
			);
			runOnlyForDeploymentPostprocessing = 0;
		};
		6D42307F1F381EB300342CD8 /* Resources */ = {
			isa = PBXResourcesBuildPhase;
			buildActionMask = 2147483647;
			files = (
			);
			runOnlyForDeploymentPostprocessing = 0;
		};
		6D42308A1F381EB300342CD8 /* Resources */ = {
			isa = PBXResourcesBuildPhase;
			buildActionMask = 2147483647;
			files = (
			);
			runOnlyForDeploymentPostprocessing = 0;
		};
/* End PBXResourcesBuildPhase section */

/* Begin PBXSourcesBuildPhase section */
		6D4230691F381EB200342CD8 /* Sources */ = {
			isa = PBXSourcesBuildPhase;
			buildActionMask = 2147483647;
			files = (
				6D4230731F381EB300342CD8 /* TipViewController.swift in Sources */,
				6D4230711F381EB300342CD8 /* AppDelegate.swift in Sources */,
				6D42309F1F3825A400342CD8 /* SettingsViewController.swift in Sources */,
				F4E9BF111F3C2DAF00A3C6B2 /* HistoryViewController.swift in Sources */,
				F4E9BF131F3C316000A3C6B2 /* HistoryCell.swift in Sources */,
			);
			runOnlyForDeploymentPostprocessing = 0;
		};
		6D42307D1F381EB300342CD8 /* Sources */ = {
			isa = PBXSourcesBuildPhase;
			buildActionMask = 2147483647;
			files = (
				6D4230861F381EB300342CD8 /* tippedTests.swift in Sources */,
			);
			runOnlyForDeploymentPostprocessing = 0;
		};
		6D4230881F381EB300342CD8 /* Sources */ = {
			isa = PBXSourcesBuildPhase;
			buildActionMask = 2147483647;
			files = (
				6D4230911F381EB300342CD8 /* tippedUITests.swift in Sources */,
			);
			runOnlyForDeploymentPostprocessing = 0;
		};
/* End PBXSourcesBuildPhase section */

/* Begin PBXTargetDependency section */
		6D4230831F381EB300342CD8 /* PBXTargetDependency */ = {
			isa = PBXTargetDependency;
			target = 6D42306C1F381EB200342CD8 /* tipped */;
			targetProxy = 6D4230821F381EB300342CD8 /* PBXContainerItemProxy */;
		};
		6D42308E1F381EB300342CD8 /* PBXTargetDependency */ = {
			isa = PBXTargetDependency;
			target = 6D42306C1F381EB200342CD8 /* tipped */;
			targetProxy = 6D42308D1F381EB300342CD8 /* PBXContainerItemProxy */;
		};
/* End PBXTargetDependency section */

/* Begin PBXVariantGroup section */
		6D4230741F381EB300342CD8 /* Main.storyboard */ = {
			isa = PBXVariantGroup;
			children = (
				6D4230751F381EB300342CD8 /* Base */,
			);
			name = Main.storyboard;
			sourceTree = "<group>";
		};
		6D4230791F381EB300342CD8 /* LaunchScreen.storyboard */ = {
			isa = PBXVariantGroup;
			children = (
				6D42307A1F381EB300342CD8 /* Base */,
			);
			name = LaunchScreen.storyboard;
			sourceTree = "<group>";
		};
/* End PBXVariantGroup section */

/* Begin XCBuildConfiguration section */
		6D4230931F381EB300342CD8 /* Debug */ = {
			isa = XCBuildConfiguration;
			buildSettings = {
				ALWAYS_SEARCH_USER_PATHS = NO;
				CLANG_ANALYZER_NONNULL = YES;
				CLANG_ANALYZER_NUMBER_OBJECT_CONVERSION = YES_AGGRESSIVE;
				CLANG_CXX_LANGUAGE_STANDARD = "gnu++0x";
				CLANG_CXX_LIBRARY = "libc++";
				CLANG_ENABLE_MODULES = YES;
				CLANG_ENABLE_OBJC_ARC = YES;
				CLANG_WARN_BOOL_CONVERSION = YES;
				CLANG_WARN_CONSTANT_CONVERSION = YES;
				CLANG_WARN_DIRECT_OBJC_ISA_USAGE = YES_ERROR;
				CLANG_WARN_DOCUMENTATION_COMMENTS = YES;
				CLANG_WARN_EMPTY_BODY = YES;
				CLANG_WARN_ENUM_CONVERSION = YES;
				CLANG_WARN_INFINITE_RECURSION = YES;
				CLANG_WARN_INT_CONVERSION = YES;
				CLANG_WARN_OBJC_ROOT_CLASS = YES_ERROR;
				CLANG_WARN_SUSPICIOUS_MOVE = YES;
				CLANG_WARN_UNREACHABLE_CODE = YES;
				CLANG_WARN__DUPLICATE_METHOD_MATCH = YES;
				"CODE_SIGN_IDENTITY[sdk=iphoneos*]" = "iPhone Developer";
				COPY_PHASE_STRIP = NO;
				DEBUG_INFORMATION_FORMAT = dwarf;
				ENABLE_STRICT_OBJC_MSGSEND = YES;
				ENABLE_TESTABILITY = YES;
				GCC_C_LANGUAGE_STANDARD = gnu99;
				GCC_DYNAMIC_NO_PIC = NO;
				GCC_NO_COMMON_BLOCKS = YES;
				GCC_OPTIMIZATION_LEVEL = 0;
				GCC_PREPROCESSOR_DEFINITIONS = (
					"DEBUG=1",
					"$(inherited)",
				);
				GCC_WARN_64_TO_32_BIT_CONVERSION = YES;
				GCC_WARN_ABOUT_RETURN_TYPE = YES_ERROR;
				GCC_WARN_UNDECLARED_SELECTOR = YES;
				GCC_WARN_UNINITIALIZED_AUTOS = YES_AGGRESSIVE;
				GCC_WARN_UNUSED_FUNCTION = YES;
				GCC_WARN_UNUSED_VARIABLE = YES;
				IPHONEOS_DEPLOYMENT_TARGET = 10.3;
				MTL_ENABLE_DEBUG_INFO = YES;
				ONLY_ACTIVE_ARCH = YES;
				SDKROOT = iphoneos;
				SWIFT_ACTIVE_COMPILATION_CONDITIONS = DEBUG;
				SWIFT_OPTIMIZATION_LEVEL = "-Onone";
				TARGETED_DEVICE_FAMILY = "1,2";
			};
			name = Debug;
		};
		6D4230941F381EB300342CD8 /* Release */ = {
			isa = XCBuildConfiguration;
			buildSettings = {
				ALWAYS_SEARCH_USER_PATHS = NO;
				CLANG_ANALYZER_NONNULL = YES;
				CLANG_ANALYZER_NUMBER_OBJECT_CONVERSION = YES_AGGRESSIVE;
				CLANG_CXX_LANGUAGE_STANDARD = "gnu++0x";
				CLANG_CXX_LIBRARY = "libc++";
				CLANG_ENABLE_MODULES = YES;
				CLANG_ENABLE_OBJC_ARC = YES;
				CLANG_WARN_BOOL_CONVERSION = YES;
				CLANG_WARN_CONSTANT_CONVERSION = YES;
				CLANG_WARN_DIRECT_OBJC_ISA_USAGE = YES_ERROR;
				CLANG_WARN_DOCUMENTATION_COMMENTS = YES;
				CLANG_WARN_EMPTY_BODY = YES;
				CLANG_WARN_ENUM_CONVERSION = YES;
				CLANG_WARN_INFINITE_RECURSION = YES;
				CLANG_WARN_INT_CONVERSION = YES;
				CLANG_WARN_OBJC_ROOT_CLASS = YES_ERROR;
				CLANG_WARN_SUSPICIOUS_MOVE = YES;
				CLANG_WARN_UNREACHABLE_CODE = YES;
				CLANG_WARN__DUPLICATE_METHOD_MATCH = YES;
				"CODE_SIGN_IDENTITY[sdk=iphoneos*]" = "iPhone Developer";
				COPY_PHASE_STRIP = NO;
				DEBUG_INFORMATION_FORMAT = "dwarf-with-dsym";
				ENABLE_NS_ASSERTIONS = NO;
				ENABLE_STRICT_OBJC_MSGSEND = YES;
				GCC_C_LANGUAGE_STANDARD = gnu99;
				GCC_NO_COMMON_BLOCKS = YES;
				GCC_WARN_64_TO_32_BIT_CONVERSION = YES;
				GCC_WARN_ABOUT_RETURN_TYPE = YES_ERROR;
				GCC_WARN_UNDECLARED_SELECTOR = YES;
				GCC_WARN_UNINITIALIZED_AUTOS = YES_AGGRESSIVE;
				GCC_WARN_UNUSED_FUNCTION = YES;
				GCC_WARN_UNUSED_VARIABLE = YES;
				IPHONEOS_DEPLOYMENT_TARGET = 10.3;
				MTL_ENABLE_DEBUG_INFO = NO;
				SDKROOT = iphoneos;
				SWIFT_OPTIMIZATION_LEVEL = "-Owholemodule";
				TARGETED_DEVICE_FAMILY = "1,2";
				VALIDATE_PRODUCT = YES;
			};
			name = Release;
		};
		6D4230961F381EB300342CD8 /* Debug */ = {
			isa = XCBuildConfiguration;
			buildSettings = {
				ASSETCATALOG_COMPILER_APPICON_NAME = AppIcon;
				DEVELOPMENT_TEAM = TMD6XCU7B7;
				INFOPLIST_FILE = tipped/Info.plist;
				LD_RUNPATH_SEARCH_PATHS = "$(inherited) @executable_path/Frameworks";
				PRODUCT_BUNDLE_IDENTIFIER = com.bradencasperson.tipped;
				PRODUCT_NAME = "$(TARGET_NAME)";
				SWIFT_VERSION = 3.0;
				TARGETED_DEVICE_FAMILY = 1;
			};
			name = Debug;
		};
		6D4230971F381EB300342CD8 /* Release */ = {
			isa = XCBuildConfiguration;
			buildSettings = {
				ASSETCATALOG_COMPILER_APPICON_NAME = AppIcon;
				DEVELOPMENT_TEAM = TMD6XCU7B7;
				INFOPLIST_FILE = tipped/Info.plist;
				LD_RUNPATH_SEARCH_PATHS = "$(inherited) @executable_path/Frameworks";
				PRODUCT_BUNDLE_IDENTIFIER = com.bradencasperson.tipped;
				PRODUCT_NAME = "$(TARGET_NAME)";
				SWIFT_VERSION = 3.0;
				TARGETED_DEVICE_FAMILY = 1;
			};
			name = Release;
		};
		6D4230991F381EB300342CD8 /* Debug */ = {
			isa = XCBuildConfiguration;
			buildSettings = {
				ALWAYS_EMBED_SWIFT_STANDARD_LIBRARIES = YES;
				BUNDLE_LOADER = "$(TEST_HOST)";
				DEVELOPMENT_TEAM = WXC4F48AGZ;
				INFOPLIST_FILE = tippedTests/Info.plist;
				LD_RUNPATH_SEARCH_PATHS = "$(inherited) @executable_path/Frameworks @loader_path/Frameworks";
				PRODUCT_BUNDLE_IDENTIFIER = com.bradencasperson.tippedTests;
				PRODUCT_NAME = "$(TARGET_NAME)";
				SWIFT_VERSION = 3.0;
				TEST_HOST = "$(BUILT_PRODUCTS_DIR)/tipped.app/tipped";
			};
			name = Debug;
		};
		6D42309A1F381EB300342CD8 /* Release */ = {
			isa = XCBuildConfiguration;
			buildSettings = {
				ALWAYS_EMBED_SWIFT_STANDARD_LIBRARIES = YES;
				BUNDLE_LOADER = "$(TEST_HOST)";
				DEVELOPMENT_TEAM = WXC4F48AGZ;
				INFOPLIST_FILE = tippedTests/Info.plist;
				LD_RUNPATH_SEARCH_PATHS = "$(inherited) @executable_path/Frameworks @loader_path/Frameworks";
				PRODUCT_BUNDLE_IDENTIFIER = com.bradencasperson.tippedTests;
				PRODUCT_NAME = "$(TARGET_NAME)";
				SWIFT_VERSION = 3.0;
				TEST_HOST = "$(BUILT_PRODUCTS_DIR)/tipped.app/tipped";
			};
			name = Release;
		};
		6D42309C1F381EB300342CD8 /* Debug */ = {
			isa = XCBuildConfiguration;
			buildSettings = {
				ALWAYS_EMBED_SWIFT_STANDARD_LIBRARIES = YES;
				DEVELOPMENT_TEAM = WXC4F48AGZ;
				INFOPLIST_FILE = tippedUITests/Info.plist;
				LD_RUNPATH_SEARCH_PATHS = "$(inherited) @executable_path/Frameworks @loader_path/Frameworks";
				PRODUCT_BUNDLE_IDENTIFIER = com.bradencasperson.tippedUITests;
				PRODUCT_NAME = "$(TARGET_NAME)";
				SWIFT_VERSION = 3.0;
				TEST_TARGET_NAME = tipped;
			};
			name = Debug;
		};
		6D42309D1F381EB300342CD8 /* Release */ = {
			isa = XCBuildConfiguration;
			buildSettings = {
				ALWAYS_EMBED_SWIFT_STANDARD_LIBRARIES = YES;
				DEVELOPMENT_TEAM = WXC4F48AGZ;
				INFOPLIST_FILE = tippedUITests/Info.plist;
				LD_RUNPATH_SEARCH_PATHS = "$(inherited) @executable_path/Frameworks @loader_path/Frameworks";
				PRODUCT_BUNDLE_IDENTIFIER = com.bradencasperson.tippedUITests;
				PRODUCT_NAME = "$(TARGET_NAME)";
				SWIFT_VERSION = 3.0;
				TEST_TARGET_NAME = tipped;
			};
			name = Release;
		};
/* End XCBuildConfiguration section */

/* Begin XCConfigurationList section */
		6D4230681F381EB200342CD8 /* Build configuration list for PBXProject "tipped" */ = {
			isa = XCConfigurationList;
			buildConfigurations = (
				6D4230931F381EB300342CD8 /* Debug */,
				6D4230941F381EB300342CD8 /* Release */,
			);
			defaultConfigurationIsVisible = 0;
			defaultConfigurationName = Release;
		};
		6D4230951F381EB300342CD8 /* Build configuration list for PBXNativeTarget "tipped" */ = {
			isa = XCConfigurationList;
			buildConfigurations = (
				6D4230961F381EB300342CD8 /* Debug */,
				6D4230971F381EB300342CD8 /* Release */,
			);
			defaultConfigurationIsVisible = 0;
			defaultConfigurationName = Release;
		};
		6D4230981F381EB300342CD8 /* Build configuration list for PBXNativeTarget "tippedTests" */ = {
			isa = XCConfigurationList;
			buildConfigurations = (
				6D4230991F381EB300342CD8 /* Debug */,
				6D42309A1F381EB300342CD8 /* Release */,
			);
			defaultConfigurationIsVisible = 0;
			defaultConfigurationName = Release;
		};
		6D42309B1F381EB300342CD8 /* Build configuration list for PBXNativeTarget "tippedUITests" */ = {
			isa = XCConfigurationList;
			buildConfigurations = (
				6D42309C1F381EB300342CD8 /* Debug */,
				6D42309D1F381EB300342CD8 /* Release */,
			);
			defaultConfigurationIsVisible = 0;
			defaultConfigurationName = Release;
		};
/* End XCConfigurationList section */
	};
	rootObject = 6D4230651F381EB200342CD8 /* Project object */;
}
